
Microsoft Visual Studio Solution File, Format Version 12.00
# Visual Studio 15
VisualStudioVersion = 15.0.28307.1778
MinimumVisualStudioVersion = 10.0.40219.1
Project("{FAE04EC0-301F-11D3-BF4B-00C04F79EFBC}") = "FirstTW", "FirstTW\FirstTW.csproj", "{5A4BD97A-F070-411E-B71C-07ECF88D91D6}"
EndProject
Project("{FAE04EC0-301F-11D3-BF4B-00C04F79EFBC}") = "FirstTW.Service", "FirstTW.Service\FirstTW.Service.csproj", "{EFCD1BF3-4991-4D78-8967-BD59896CBC50}"
EndProject
Project("{FAE04EC0-301F-11D3-BF4B-00C04F79EFBC}") = "FirstTW.Implement", "FirstTW.Implement\FirstTW.Implement.csproj", "{016143EF-AC8A-4103-8561-E5D0F0C03C8E}"
EndProject
Global
	GlobalSection(SolutionConfigurationPlatforms) = preSolution
		Debug|Any CPU = Debug|Any CPU
		Release|Any CPU = Release|Any CPU
	EndGlobalSection
	GlobalSection(ProjectConfigurationPlatforms) = postSolution
		{5A4BD97A-F070-411E-B71C-07ECF88D91D6}.Debug|Any CPU.ActiveCfg = Debug|Any CPU
		{5A4BD97A-F070-411E-B71C-07ECF88D91D6}.Debug|Any CPU.Build.0 = Debug|Any CPU
		{5A4BD97A-F070-411E-B71C-07ECF88D91D6}.Release|Any CPU.ActiveCfg = Release|Any CPU
		{5A4BD97A-F070-411E-B71C-07ECF88D91D6}.Release|Any CPU.Build.0 = Release|Any CPU
		{EFCD1BF3-4991-4D78-8967-BD59896CBC50}.Debug|Any CPU.ActiveCfg = Debug|Any CPU
		{EFCD1BF3-4991-4D78-8967-BD59896CBC50}.Debug|Any CPU.Build.0 = Debug|Any CPU
		{EFCD1BF3-4991-4D78-8967-BD59896CBC50}.Release|Any CPU.ActiveCfg = Release|Any CPU
		{EFCD1BF3-4991-4D78-8967-BD59896CBC50}.Release|Any CPU.Build.0 = Release|Any CPU
		{016143EF-AC8A-4103-8561-E5D0F0C03C8E}.Debug|Any CPU.ActiveCfg = Debug|Any CPU
		{016143EF-AC8A-4103-8561-E5D0F0C03C8E}.Debug|Any CPU.Build.0 = Debug|Any CPU
		{016143EF-AC8A-4103-8561-E5D0F0C03C8E}.Release|Any CPU.ActiveCfg = Release|Any CPU
		{016143EF-AC8A-4103-8561-E5D0F0C03C8E}.Release|Any CPU.Build.0 = Release|Any CPU
	EndGlobalSection
	GlobalSection(SolutionProperties) = preSolution
		HideSolutionNode = FALSE
	EndGlobalSection
	GlobalSection(ExtensibilityGlobals) = postSolution
		SolutionGuid = {C70CEDC8-E9D2-4FFB-9FEB-78CCFC07D762}
	EndGlobalSection
EndGlobal
